
Microsoft Visual Studio Solution File, Format Version 12.00
# Visual Studio Version 17
VisualStudioVersion = 17.5.33424.131
MinimumVisualStudioVersion = 10.0.40219.1
Project("{FAE04EC0-301F-11D3-BF4B-00C04F79EFBC}") = "ConsoleApp1", "ConsoleApp1.csproj", "{299C4E9E-CAC9-4D1E-9FCE-A17D11609A51}"
EndProject
Global
	GlobalSection(SolutionConfigurationPlatforms) = preSolution
		Debug|Any CPU = Debug|Any CPU
		Release|Any CPU = Release|Any CPU
	EndGlobalSection
	GlobalSection(ProjectConfigurationPlatforms) = postSolution
		{299C4E9E-CAC9-4D1E-9FCE-A17D11609A51}.Debug|Any CPU.ActiveCfg = Debug|Any CPU
		{299C4E9E-CAC9-4D1E-9FCE-A17D11609A51}.Debug|Any CPU.Build.0 = Debug|Any CPU
		{299C4E9E-CAC9-4D1E-9FCE-A17D11609A51}.Release|Any CPU.ActiveCfg = Release|Any CPU
		{299C4E9E-CAC9-4D1E-9FCE-A17D11609A51}.Release|Any CPU.Build.0 = Release|Any CPU
	EndGlobalSection
	GlobalSection(SolutionProperties) = preSolution
		HideSolutionNode = FALSE
	EndGlobalSection
	GlobalSection(ExtensibilityGlobals) = postSolution
		SolutionGuid = {AB0522E0-98F9-449F-88E8-0F70FBB557B3}
	EndGlobalSection
EndGlobal
